{
  "requires": true,
  "lockfileVersion": 1,
  "dependencies": {
    "@fullpage/angular-fullpage": {
      "version": "0.0.12",
      "resolved": "https://registry.npmjs.org/@fullpage/angular-fullpage/-/angular-fullpage-0.0.12.tgz",
      "integrity": "sha512-GKAl8a4vhliab4vieOXkoeaYMVC3q5U4dWsPnImPCgqqnGSlGdob+VkibvOjZJLP/ZcwR8TqlEWQRT7E0rJ6Fw==",
      "requires": {
        "fullpage.js": "^3.0.5",
        "tslib": "^1.9.0"
      }
    },
    "fullpage.js": {
      "version": "3.0.5",
      "resolved": "https://registry.npmjs.org/fullpage.js/-/fullpage.js-3.0.5.tgz",
      "integrity": "sha512-80zJ12tqIkwNgVRnrJiP2RDy1okF9wXj5I7BDg5dsJcHCpgzb052ATCjz+3g7Zp1fjGsaDmEu1m92MafGqcO3w=="
    },
    "tslib": {
      "version": "1.10.0",
      "resolved": "https://registry.npmjs.org/tslib/-/tslib-1.10.0.tgz",
      "integrity": "sha512-qOebF53frne81cf0S9B41ByenJ3/IuH8yJKngAX35CmiZySA0khhkovshKK+jGCaMnVomla7gVlIcc3EvKPbTQ=="
    }
  }
}
